
Microsoft Visual Studio Solution File, Format Version 12.00
# Visual Studio Version 17
VisualStudioVersion = 17.11.35303.130
MinimumVisualStudioVersion = 10.0.40219.1
Project("{FAE04EC0-301F-11D3-BF4B-00C04F79EFBC}") = "CursoCSharp", "CursoCSharp\CursoCSharp.csproj", "{8A13B934-89D7-458C-B614-7CE4FE7DC1CB}"
EndProject
Global
	GlobalSection(SolutionConfigurationPlatforms) = preSolution
		Debug|Any CPU = Debug|Any CPU
		Release|Any CPU = Release|Any CPU
	EndGlobalSection
	GlobalSection(ProjectConfigurationPlatforms) = postSolution
		{8A13B934-89D7-458C-B614-7CE4FE7DC1CB}.Debug|Any CPU.ActiveCfg = Debug|Any CPU
		{8A13B934-89D7-458C-B614-7CE4FE7DC1CB}.Debug|Any CPU.Build.0 = Debug|Any CPU
		{8A13B934-89D7-458C-B614-7CE4FE7DC1CB}.Release|Any CPU.ActiveCfg = Release|Any CPU
		{8A13B934-89D7-458C-B614-7CE4FE7DC1CB}.Release|Any CPU.Build.0 = Release|Any CPU
	EndGlobalSection
	GlobalSection(SolutionProperties) = preSolution
		HideSolutionNode = FALSE
	EndGlobalSection
	GlobalSection(ExtensibilityGlobals) = postSolution
		SolutionGuid = {F1236005-8FC6-4832-A4B1-1D50266B9D03}
	EndGlobalSection
EndGlobal
